
Microsoft Visual Studio Solution File, Format Version 12.00
# Visual Studio Version 17
VisualStudioVersion = 17.9.34728.123
MinimumVisualStudioVersion = 10.0.40219.1
Project("{FAE04EC0-301F-11D3-BF4B-00C04F79EFBC}") = "Graphic_package", "Graphic_package\Graphic_package.csproj", "{5D8B97FA-6FA0-4755-8705-333A1E06465B}"
EndProject
Global
	GlobalSection(SolutionConfigurationPlatforms) = preSolution
		Debug|Any CPU = Debug|Any CPU
		Release|Any CPU = Release|Any CPU
	EndGlobalSection
	GlobalSection(ProjectConfigurationPlatforms) = postSolution
		{5D8B97FA-6FA0-4755-8705-333A1E06465B}.Debug|Any CPU.ActiveCfg = Debug|Any CPU
		{5D8B97FA-6FA0-4755-8705-333A1E06465B}.Debug|Any CPU.Build.0 = Debug|Any CPU
		{5D8B97FA-6FA0-4755-8705-333A1E06465B}.Release|Any CPU.ActiveCfg = Release|Any CPU
		{5D8B97FA-6FA0-4755-8705-333A1E06465B}.Release|Any CPU.Build.0 = Release|Any CPU
	EndGlobalSection
	GlobalSection(SolutionProperties) = preSolution
		HideSolutionNode = FALSE
	EndGlobalSection
	GlobalSection(ExtensibilityGlobals) = postSolution
		SolutionGuid = {C3A740EE-EAB2-44F6-88CA-9802165C7728}
	EndGlobalSection
EndGlobal
